
Microsoft Visual Studio Solution File, Format Version 12.00
# Visual Studio 15
VisualStudioVersion = 15.0.28307.645
MinimumVisualStudioVersion = 10.0.40219.1
Project("{FAE04EC0-301F-11D3-BF4B-00C04F79EFBC}") = "MVC", "MVC\MVC.csproj", "{1EAA8D40-4325-4EEF-8176-2A3F08A2ECB3}"
EndProject
Project("{FAE04EC0-301F-11D3-BF4B-00C04F79EFBC}") = "MVC.Tests", "MVC.Tests\MVC.Tests.csproj", "{44D0E0A5-D4FE-4A09-947A-304E0D96B60C}"
EndProject
Project("{FAE04EC0-301F-11D3-BF4B-00C04F79EFBC}") = "Services", "Services\Services.csproj", "{62F62F0E-CF0F-47EA-B2BA-7F5DBD0DFD46}"
EndProject
Global
	GlobalSection(SolutionConfigurationPlatforms) = preSolution
		Debug|Any CPU = Debug|Any CPU
		Release|Any CPU = Release|Any CPU
	EndGlobalSection
	GlobalSection(ProjectConfigurationPlatforms) = postSolution
		{1EAA8D40-4325-4EEF-8176-2A3F08A2ECB3}.Debug|Any CPU.ActiveCfg = Debug|Any CPU
		{1EAA8D40-4325-4EEF-8176-2A3F08A2ECB3}.Debug|Any CPU.Build.0 = Debug|Any CPU
		{1EAA8D40-4325-4EEF-8176-2A3F08A2ECB3}.Release|Any CPU.ActiveCfg = Release|Any CPU
		{1EAA8D40-4325-4EEF-8176-2A3F08A2ECB3}.Release|Any CPU.Build.0 = Release|Any CPU
		{44D0E0A5-D4FE-4A09-947A-304E0D96B60C}.Debug|Any CPU.ActiveCfg = Debug|Any CPU
		{44D0E0A5-D4FE-4A09-947A-304E0D96B60C}.Debug|Any CPU.Build.0 = Debug|Any CPU
		{44D0E0A5-D4FE-4A09-947A-304E0D96B60C}.Release|Any CPU.ActiveCfg = Release|Any CPU
		{44D0E0A5-D4FE-4A09-947A-304E0D96B60C}.Release|Any CPU.Build.0 = Release|Any CPU
		{62F62F0E-CF0F-47EA-B2BA-7F5DBD0DFD46}.Debug|Any CPU.ActiveCfg = Debug|Any CPU
		{62F62F0E-CF0F-47EA-B2BA-7F5DBD0DFD46}.Debug|Any CPU.Build.0 = Debug|Any CPU
		{62F62F0E-CF0F-47EA-B2BA-7F5DBD0DFD46}.Release|Any CPU.ActiveCfg = Release|Any CPU
		{62F62F0E-CF0F-47EA-B2BA-7F5DBD0DFD46}.Release|Any CPU.Build.0 = Release|Any CPU
	EndGlobalSection
	GlobalSection(SolutionProperties) = preSolution
		HideSolutionNode = FALSE
	EndGlobalSection
	GlobalSection(ExtensibilityGlobals) = postSolution
		SolutionGuid = {B1A741F5-4907-4B12-AF7F-0254AE688DF2}
	EndGlobalSection
EndGlobal
